
Microsoft Visual Studio Solution File, Format Version 12.00
# Visual Studio Version 16
VisualStudioVersion = 16.0.808.4
MinimumVisualStudioVersion = 10.0.40219.1
Project("{FAE04EC0-301F-11D3-BF4B-00C04F79EFBC}") = "bbase64string", "bbase64string\bbase64string.csproj", "{284A82BE-973B-4A8B-9AE5-44A7B1DB73A5}"
EndProject
Project("{FAE04EC0-301F-11D3-BF4B-00C04F79EFBC}") = "StringClass", "StringClass\StringClass.csproj", "{36606834-C768-4602-81E9-9BB37507DF4F}"
EndProject
Global
	GlobalSection(SolutionConfigurationPlatforms) = preSolution
		Debug|Any CPU = Debug|Any CPU
		Release|Any CPU = Release|Any CPU
	EndGlobalSection
	GlobalSection(ProjectConfigurationPlatforms) = postSolution
		{284A82BE-973B-4A8B-9AE5-44A7B1DB73A5}.Debug|Any CPU.ActiveCfg = Debug|Any CPU
		{284A82BE-973B-4A8B-9AE5-44A7B1DB73A5}.Debug|Any CPU.Build.0 = Debug|Any CPU
		{284A82BE-973B-4A8B-9AE5-44A7B1DB73A5}.Release|Any CPU.ActiveCfg = Release|Any CPU
		{284A82BE-973B-4A8B-9AE5-44A7B1DB73A5}.Release|Any CPU.Build.0 = Release|Any CPU
		{36606834-C768-4602-81E9-9BB37507DF4F}.Debug|Any CPU.ActiveCfg = Debug|Any CPU
		{36606834-C768-4602-81E9-9BB37507DF4F}.Debug|Any CPU.Build.0 = Debug|Any CPU
		{36606834-C768-4602-81E9-9BB37507DF4F}.Release|Any CPU.ActiveCfg = Release|Any CPU
		{36606834-C768-4602-81E9-9BB37507DF4F}.Release|Any CPU.Build.0 = Release|Any CPU
	EndGlobalSection
	GlobalSection(SolutionProperties) = preSolution
		HideSolutionNode = FALSE
	EndGlobalSection
	GlobalSection(ExtensibilityGlobals) = postSolution
		SolutionGuid = {18D7B276-7206-4FE6-A8D6-B79B205A2E2A}
	EndGlobalSection
EndGlobal
